// !$*UTF8*$!
{
	archiveVersion = 1;
	classes = {
	};
	objectVersion = 50;
	objects = {

/* Begin PBXBuildFile section */
		877470ED26E9530C008ED086 /* AnosovMM_HW3_1App.swift in Sources */ = {isa = PBXBuildFile; fileRef = 877470EC26E9530C008ED086 /* AnosovMM_HW3_1App.swift */; };
		877470EF26E9530C008ED086 /* ContentView.swift in Sources */ = {isa = PBXBuildFile; fileRef = 877470EE26E9530C008ED086 /* ContentView.swift */; };
		877470F126E9530D008ED086 /* Assets.xcassets in Resources */ = {isa = PBXBuildFile; fileRef = 877470F026E9530D008ED086 /* Assets.xcassets */; };
		877470F426E9530D008ED086 /* Preview Assets.xcassets in Resources */ = {isa = PBXBuildFile; fileRef = 877470F326E9530D008ED086 /* Preview Assets.xcassets */; };
		877470FD26E95ACA008ED086 /* ColorCircleUI.swift in Sources */ = {isa = PBXBuildFile; fileRef = 877470FC26E95ACA008ED086 /* ColorCircleUI.swift */; };
		87A8C1A526E9D6D80023AF4F /* ButtonUI.swift in Sources */ = {isa = PBXBuildFile; fileRef = 87A8C1A426E9D6D80023AF4F /* ButtonUI.swift */; };
/* End PBXBuildFile section */

/* Begin PBXFileReference section */
		877470E926E9530C008ED086 /* AnosovMM_HW3.1.app */ = {isa = PBXFileReference; explicitFileType = wrapper.application; includeInIndex = 0; path = AnosovMM_HW3.1.app; sourceTree = BUILT_PRODUCTS_DIR; };
		877470EC26E9530C008ED086 /* AnosovMM_HW3_1App.swift */ = {isa = PBXFileReference; lastKnownFileType = sourcecode.swift; path = AnosovMM_HW3_1App.swift; sourceTree = "<group>"; };
		877470EE26E9530C008ED086 /* ContentView.swift */ = {isa = PBXFileReference; lastKnownFileType = sourcecode.swift; path = ContentView.swift; sourceTree = "<group>"; };
		877470F026E9530D008ED086 /* Assets.xcassets */ = {isa = PBXFileReference; lastKnownFileType = folder.assetcatalog; path = Assets.xcassets; sourceTree = "<group>"; };
		877470F326E9530D008ED086 /* Preview Assets.xcassets */ = {isa = PBXFileReference; lastKnownFileType = folder.assetcatalog; path = "Preview Assets.xcassets"; sourceTree = "<group>"; };
		877470F526E9530D008ED086 /* Info.plist */ = {isa = PBXFileReference; lastKnownFileType = text.plist.xml; path = Info.plist; sourceTree = "<group>"; };
		877470FC26E95ACA008ED086 /* ColorCircleUI.swift */ = {isa = PBXFileReference; lastKnownFileType = sourcecode.swift; path = ColorCircleUI.swift; sourceTree = "<group>"; };
		87A8C1A426E9D6D80023AF4F /* ButtonUI.swift */ = {isa = PBXFileReference; lastKnownFileType = sourcecode.swift; path = ButtonUI.swift; sourceTree = "<group>"; };
/* End PBXFileReference section */

/* Begin PBXFrameworksBuildPhase section */
		877470E626E9530C008ED086 /* Frameworks */ = {
			isa = PBXFrameworksBuildPhase;
			buildActionMask = 2147483647;
			files = (
			);
			runOnlyForDeploymentPostprocessing = 0;
		};
/* End PBXFrameworksBuildPhase section */

/* Begin PBXGroup section */
		877470E026E9530C008ED086 = {
			isa = PBXGroup;
			children = (
				877470EB26E9530C008ED086 /* AnosovMM_HW3.1 */,
				877470EA26E9530C008ED086 /* Products */,
			);
			sourceTree = "<group>";
		};
		877470EA26E9530C008ED086 /* Products */ = {
			isa = PBXGroup;
			children = (
				877470E926E9530C008ED086 /* AnosovMM_HW3.1.app */,
			);
			name = Products;
			sourceTree = "<group>";
		};
		877470EB26E9530C008ED086 /* AnosovMM_HW3.1 */ = {
			isa = PBXGroup;
			children = (
				877470EC26E9530C008ED086 /* AnosovMM_HW3_1App.swift */,
				877470EE26E9530C008ED086 /* ContentView.swift */,
				877470FC26E95ACA008ED086 /* ColorCircleUI.swift */,
				87A8C1A426E9D6D80023AF4F /* ButtonUI.swift */,
				877470F026E9530D008ED086 /* Assets.xcassets */,
				877470F526E9530D008ED086 /* Info.plist */,
				877470F226E9530D008ED086 /* Preview Content */,
			);
			path = AnosovMM_HW3.1;
			sourceTree = "<group>";
		};
		877470F226E9530D008ED086 /* Preview Content */ = {
			isa = PBXGroup;
			children = (
				877470F326E9530D008ED086 /* Preview Assets.xcassets */,
			);
			path = "Preview Content";
			sourceTree = "<group>";
		};
/* End PBXGroup section */

/* Begin PBXNativeTarget section */
		877470E826E9530C008ED086 /* AnosovMM_HW3.1 */ = {
			isa = PBXNativeTarget;
			buildConfigurationList = 877470F826E9530D008ED086 /* Build configuration list for PBXNativeTarget "AnosovMM_HW3.1" */;
			buildPhases = (
				877470E526E9530C008ED086 /* Sources */,
				877470E626E9530C008ED086 /* Frameworks */,
				877470E726E9530C008ED086 /* Resources */,
			);
			buildRules = (
			);
			dependencies = (
			);
			name = AnosovMM_HW3.1;
			productName = AnosovMM_HW3.1;
			productReference = 877470E926E9530C008ED086 /* AnosovMM_HW3.1.app */;
			productType = "com.apple.product-type.application";
		};
/* End PBXNativeTarget section */

/* Begin PBXProject section */
		877470E126E9530C008ED086 /* Project object */ = {
			isa = PBXProject;
			attributes = {
				LastSwiftUpdateCheck = 1250;
				LastUpgradeCheck = 1250;
				TargetAttributes = {
					877470E826E9530C008ED086 = {
						CreatedOnToolsVersion = 12.5.1;
					};
				};
			};
			buildConfigurationList = 877470E426E9530C008ED086 /* Build configuration list for PBXProject "AnosovMM_HW3.1" */;
			compatibilityVersion = "Xcode 9.3";
			developmentRegion = en;
			hasScannedForEncodings = 0;
			knownRegions = (
				en,
				Base,
			);
			mainGroup = 877470E026E9530C008ED086;
			productRefGroup = 877470EA26E9530C008ED086 /* Products */;
			projectDirPath = "";
			projectRoot = "";
			targets = (
				877470E826E9530C008ED086 /* AnosovMM_HW3.1 */,
			);
		};
/* End PBXProject section */

/* Begin PBXResourcesBuildPhase section */
		877470E726E9530C008ED086 /* Resources */ = {
			isa = PBXResourcesBuildPhase;
			buildActionMask = 2147483647;
			files = (
				877470F426E9530D008ED086 /* Preview Assets.xcassets in Resources */,
				877470F126E9530D008ED086 /* Assets.xcassets in Resources */,
			);
			runOnlyForDeploymentPostprocessing = 0;
		};
/* End PBXResourcesBuildPhase section */

/* Begin PBXSourcesBuildPhase section */
		877470E526E9530C008ED086 /* Sources */ = {
			isa = PBXSourcesBuildPhase;
			buildActionMask = 2147483647;
			files = (
				877470EF26E9530C008ED086 /* ContentView.swift in Sources */,
				877470ED26E9530C008ED086 /* AnosovMM_HW3_1App.swift in Sources */,
				877470FD26E95ACA008ED086 /* ColorCircleUI.swift in Sources */,
				87A8C1A526E9D6D80023AF4F /* ButtonUI.swift in Sources */,
			);
			runOnlyForDeploymentPostprocessing = 0;
		};
/* End PBXSourcesBuildPhase section */

/* Begin XCBuildConfiguration section */
		877470F626E9530D008ED086 /* Debug */ = {
			isa = XCBuildConfiguration;
			buildSettings = {
				ALWAYS_SEARCH_USER_PATHS = NO;
				CLANG_ANALYZER_NONNULL = YES;
				CLANG_ANALYZER_NUMBER_OBJECT_CONVERSION = YES_AGGRESSIVE;
				CLANG_CXX_LANGUAGE_STANDARD = "gnu++14";
				CLANG_CXX_LIBRARY = "libc++";
				CLANG_ENABLE_MODULES = YES;
				CLANG_ENABLE_OBJC_ARC = YES;
				CLANG_ENABLE_OBJC_WEAK = YES;
				CLANG_WARN_BLOCK_CAPTURE_AUTORELEASING = YES;
				CLANG_WARN_BOOL_CONVERSION = YES;
				CLANG_WARN_COMMA = YES;
				CLANG_WARN_CONSTANT_CONVERSION = YES;
				CLANG_WARN_DEPRECATED_OBJC_IMPLEMENTATIONS = YES;
				CLANG_WARN_DIRECT_OBJC_ISA_USAGE = YES_ERROR;
				CLANG_WARN_DOCUMENTATION_COMMENTS = YES;
				CLANG_WARN_EMPTY_BODY = YES;
				CLANG_WARN_ENUM_CONVERSION = YES;
				CLANG_WARN_INFINITE_RECURSION = YES;
				CLANG_WARN_INT_CONVERSION = YES;
				CLANG_WARN_NON_LITERAL_NULL_CONVERSION = YES;
				CLANG_WARN_OBJC_IMPLICIT_RETAIN_SELF = YES;
				CLANG_WARN_OBJC_LITERAL_CONVERSION = YES;
				CLANG_WARN_OBJC_ROOT_CLASS = YES_ERROR;
				CLANG_WARN_QUOTED_INCLUDE_IN_FRAMEWORK_HEADER = YES;
				CLANG_WARN_RANGE_LOOP_ANALYSIS = YES;
				CLANG_WARN_STRICT_PROTOTYPES = YES;
				CLANG_WARN_SUSPICIOUS_MOVE = YES;
				CLANG_WARN_UNGUARDED_AVAILABILITY = YES_AGGRESSIVE;
				CLANG_WARN_UNREACHABLE_CODE = YES;
				CLANG_WARN__DUPLICATE_METHOD_MATCH = YES;
				COPY_PHASE_STRIP = NO;
				DEBUG_INFORMATION_FORMAT = dwarf;
				ENABLE_STRICT_OBJC_MSGSEND = YES;
				ENABLE_TESTABILITY = YES;
				GCC_C_LANGUAGE_STANDARD = gnu11;
				GCC_DYNAMIC_NO_PIC = NO;
				GCC_NO_COMMON_BLOCKS = YES;
				GCC_OPTIMIZATION_LEVEL = 0;
				GCC_PREPROCESSOR_DEFINITIONS = (
					"DEBUG=1",
					"$(inherited)",
				);
				GCC_WARN_64_TO_32_BIT_CONVERSION = YES;
				GCC_WARN_ABOUT_RETURN_TYPE = YES_ERROR;
				GCC_WARN_UNDECLARED_SELECTOR = YES;
				GCC_WARN_UNINITIALIZED_AUTOS = YES_AGGRESSIVE;
				GCC_WARN_UNUSED_FUNCTION = YES;
				GCC_WARN_UNUSED_VARIABLE = YES;
				IPHONEOS_DEPLOYMENT_TARGET = 14.5;
				MTL_ENABLE_DEBUG_INFO = INCLUDE_SOURCE;
				MTL_FAST_MATH = YES;
				ONLY_ACTIVE_ARCH = YES;
				SDKROOT = iphoneos;
				SWIFT_ACTIVE_COMPILATION_CONDITIONS = DEBUG;
				SWIFT_OPTIMIZATION_LEVEL = "-Onone";
			};
			name = Debug;
		};
		877470F726E9530D008ED086 /* Release */ = {
			isa = XCBuildConfiguration;
			buildSettings = {
				ALWAYS_SEARCH_USER_PATHS = NO;
				CLANG_ANALYZER_NONNULL = YES;
				CLANG_ANALYZER_NUMBER_OBJECT_CONVERSION = YES_AGGRESSIVE;
				CLANG_CXX_LANGUAGE_STANDARD = "gnu++14";
				CLANG_CXX_LIBRARY = "libc++";
				CLANG_ENABLE_MODULES = YES;
				CLANG_ENABLE_OBJC_ARC = YES;
				CLANG_ENABLE_OBJC_WEAK = YES;
				CLANG_WARN_BLOCK_CAPTURE_AUTORELEASING = YES;
				CLANG_WARN_BOOL_CONVERSION = YES;
				CLANG_WARN_COMMA = YES;
				CLANG_WARN_CONSTANT_CONVERSION = YES;
				CLANG_WARN_DEPRECATED_OBJC_IMPLEMENTATIONS = YES;
				CLANG_WARN_DIRECT_OBJC_ISA_USAGE = YES_ERROR;
				CLANG_WARN_DOCUMENTATION_COMMENTS = YES;
				CLANG_WARN_EMPTY_BODY = YES;
				CLANG_WARN_ENUM_CONVERSION = YES;
				CLANG_WARN_INFINITE_RECURSION = YES;
				CLANG_WARN_INT_CONVERSION = YES;
				CLANG_WARN_NON_LITERAL_NULL_CONVERSION = YES;
				CLANG_WARN_OBJC_IMPLICIT_RETAIN_SELF = YES;
				CLANG_WARN_OBJC_LITERAL_CONVERSION = YES;
				CLANG_WARN_OBJC_ROOT_CLASS = YES_ERROR;
				CLANG_WARN_QUOTED_INCLUDE_IN_FRAMEWORK_HEADER = YES;
				CLANG_WARN_RANGE_LOOP_ANALYSIS = YES;
				CLANG_WARN_STRICT_PROTOTYPES = YES;
				CLANG_WARN_SUSPICIOUS_MOVE = YES;
				CLANG_WARN_UNGUARDED_AVAILABILITY = YES_AGGRESSIVE;
				CLANG_WARN_UNREACHABLE_CODE = YES;
				CLANG_WARN__DUPLICATE_METHOD_MATCH = YES;
				COPY_PHASE_STRIP = NO;
				DEBUG_INFORMATION_FORMAT = "dwarf-with-dsym";
				ENABLE_NS_ASSERTIONS = NO;
				ENABLE_STRICT_OBJC_MSGSEND = YES;
				GCC_C_LANGUAGE_STANDARD = gnu11;
				GCC_NO_COMMON_BLOCKS = YES;
				GCC_WARN_64_TO_32_BIT_CONVERSION = YES;
				GCC_WARN_ABOUT_RETURN_TYPE = YES_ERROR;
				GCC_WARN_UNDECLARED_SELECTOR = YES;
				GCC_WARN_UNINITIALIZED_AUTOS = YES_AGGRESSIVE;
				GCC_WARN_UNUSED_FUNCTION = YES;
				GCC_WARN_UNUSED_VARIABLE = YES;
				IPHONEOS_DEPLOYMENT_TARGET = 14.5;
				MTL_ENABLE_DEBUG_INFO = NO;
				MTL_FAST_MATH = YES;
				SDKROOT = iphoneos;
				SWIFT_COMPILATION_MODE = wholemodule;
				SWIFT_OPTIMIZATION_LEVEL = "-O";
				VALIDATE_PRODUCT = YES;
			};
			name = Release;
		};
		877470F926E9530D008ED086 /* Debug */ = {
			isa = XCBuildConfiguration;
			buildSettings = {
				ASSETCATALOG_COMPILER_APPICON_NAME = AppIcon;
				ASSETCATALOG_COMPILER_GLOBAL_ACCENT_COLOR_NAME = AccentColor;
				CODE_SIGN_STYLE = Automatic;
				DEVELOPMENT_ASSET_PATHS = "\"AnosovMM_HW3.1/Preview Content\"";
				DEVELOPMENT_TEAM = 5Z35FK4LT8;
				ENABLE_PREVIEWS = YES;
				INFOPLIST_FILE = AnosovMM_HW3.1/Info.plist;
				IPHONEOS_DEPLOYMENT_TARGET = 14.0;
				LD_RUNPATH_SEARCH_PATHS = (
					"$(inherited)",
					"@executable_path/Frameworks",
				);
				PRODUCT_BUNDLE_IDENTIFIER = "manosov14.AnosovMM-HW3-1";
				PRODUCT_NAME = "$(TARGET_NAME)";
				SWIFT_VERSION = 5.0;
				TARGETED_DEVICE_FAMILY = "1,2";
			};
			name = Debug;
		};
		877470FA26E9530D008ED086 /* Release */ = {
			isa = XCBuildConfiguration;
			buildSettings = {
				ASSETCATALOG_COMPILER_APPICON_NAME = AppIcon;
				ASSETCATALOG_COMPILER_GLOBAL_ACCENT_COLOR_NAME = AccentColor;
				CODE_SIGN_STYLE = Automatic;
				DEVELOPMENT_ASSET_PATHS = "\"AnosovMM_HW3.1/Preview Content\"";
				DEVELOPMENT_TEAM = 5Z35FK4LT8;
				ENABLE_PREVIEWS = YES;
				INFOPLIST_FILE = AnosovMM_HW3.1/Info.plist;
				IPHONEOS_DEPLOYMENT_TARGET = 14.0;
				LD_RUNPATH_SEARCH_PATHS = (
					"$(inherited)",
					"@executable_path/Frameworks",
				);
				PRODUCT_BUNDLE_IDENTIFIER = "manosov14.AnosovMM-HW3-1";
				PRODUCT_NAME = "$(TARGET_NAME)";
				SWIFT_VERSION = 5.0;
				TARGETED_DEVICE_FAMILY = "1,2";
			};
			name = Release;
		};
/* End XCBuildConfiguration section */

/* Begin XCConfigurationList section */
		877470E426E9530C008ED086 /* Build configuration list for PBXProject "AnosovMM_HW3.1" */ = {
			isa = XCConfigurationList;
			buildConfigurations = (
				877470F626E9530D008ED086 /* Debug */,
				877470F726E9530D008ED086 /* Release */,
			);
			defaultConfigurationIsVisible = 0;
			defaultConfigurationName = Release;
		};
		877470F826E9530D008ED086 /* Build configuration list for PBXNativeTarget "AnosovMM_HW3.1" */ = {
			isa = XCConfigurationList;
			buildConfigurations = (
				877470F926E9530D008ED086 /* Debug */,
				877470FA26E9530D008ED086 /* Release */,
			);
			defaultConfigurationIsVisible = 0;
			defaultConfigurationName = Release;
		};
/* End XCConfigurationList section */
	};
	rootObject = 877470E126E9530C008ED086 /* Project object */;
}
